// !$*UTF8*$!
{
	archiveVersion = 1;
	classes = {
	};
	objectVersion = 56;
	objects = {

/* Begin PBXBuildFile section */
		DA5398402B83B11D00A31E90 /* AppTabBarController.swift in Sources */ = {isa = PBXBuildFile; fileRef = DA53983F2B83B11D00A31E90 /* AppTabBarController.swift */; };
		DA5398432B83B1D600A31E90 /* UIFont+Verdana.swift in Sources */ = {isa = PBXBuildFile; fileRef = DA5398422B83B1D600A31E90 /* UIFont+Verdana.swift */; };
		DA5398452B83B53700A31E90 /* NotificationsViewController.swift in Sources */ = {isa = PBXBuildFile; fileRef = DA5398442B83B53700A31E90 /* NotificationsViewController.swift */; };
		DA5398472B83B54400A31E90 /* ProfileViewController.swift in Sources */ = {isa = PBXBuildFile; fileRef = DA5398462B83B54400A31E90 /* ProfileViewController.swift */; };
		DA5398492B83E7BC00A31E90 /* Array+ActivateContraints.swift in Sources */ = {isa = PBXBuildFile; fileRef = DA5398482B83E7BC00A31E90 /* Array+ActivateContraints.swift */; };
		DA53984D2B83EE4500A31E90 /* StoriesCell.swift in Sources */ = {isa = PBXBuildFile; fileRef = DA53984C2B83EE4500A31E90 /* StoriesCell.swift */; };
		DA53984F2B840E8A00A31E90 /* StoryView.swift in Sources */ = {isa = PBXBuildFile; fileRef = DA53984E2B840E8A00A31E90 /* StoryView.swift */; };
		DA5409F12B853BDB00C350E2 /* LinkNotification.swift in Sources */ = {isa = PBXBuildFile; fileRef = DA5409F02B853BDB00C350E2 /* LinkNotification.swift */; };
		DA5409F42B85420200C350E2 /* ThumbnailNotificationCell.swift in Sources */ = {isa = PBXBuildFile; fileRef = DA5409F32B85420200C350E2 /* ThumbnailNotificationCell.swift */; };
		DA5409F62B85420F00C350E2 /* SubscribeNotificationCell.swift in Sources */ = {isa = PBXBuildFile; fileRef = DA5409F52B85420F00C350E2 /* SubscribeNotificationCell.swift */; };
		DA5409F82B854F9A00C350E2 /* NotificationBaseView.swift in Sources */ = {isa = PBXBuildFile; fileRef = DA5409F72B854F9A00C350E2 /* NotificationBaseView.swift */; };
		DA5409FB2B85584E00C350E2 /* SubscribeButton.swift in Sources */ = {isa = PBXBuildFile; fileRef = DA5409FA2B85584E00C350E2 /* SubscribeButton.swift */; };
		DA5409FD2B8564C500C350E2 /* AvatarImageView.swift in Sources */ = {isa = PBXBuildFile; fileRef = DA5409FC2B8564C500C350E2 /* AvatarImageView.swift */; };
		DA6B827D2B84BEF20045044C /* Story.swift in Sources */ = {isa = PBXBuildFile; fileRef = DA6B827C2B84BEF20045044C /* Story.swift */; };
		DA6B827F2B84BF4B0045044C /* Post.swift in Sources */ = {isa = PBXBuildFile; fileRef = DA6B827E2B84BF4B0045044C /* Post.swift */; };
		DA6B82812B84BF690045044C /* AppDataProvider.swift in Sources */ = {isa = PBXBuildFile; fileRef = DA6B82802B84BF690045044C /* AppDataProvider.swift */; };
		DA6B82832B84C8350045044C /* PostCell.swift in Sources */ = {isa = PBXBuildFile; fileRef = DA6B82822B84C8350045044C /* PostCell.swift */; };
		DA6B82852B84F40C0045044C /* PostHeaderView.swift in Sources */ = {isa = PBXBuildFile; fileRef = DA6B82842B84F40C0045044C /* PostHeaderView.swift */; };
		DA6B82872B84F6B20045044C /* PostFooterView.swift in Sources */ = {isa = PBXBuildFile; fileRef = DA6B82862B84F6B20045044C /* PostFooterView.swift */; };
		DA6B82892B8508280045044C /* RecommendationCell.swift in Sources */ = {isa = PBXBuildFile; fileRef = DA6B82882B8508280045044C /* RecommendationCell.swift */; };
		DA6B828B2B8509700045044C /* Recommendation.swift in Sources */ = {isa = PBXBuildFile; fileRef = DA6B828A2B8509700045044C /* Recommendation.swift */; };
		DA6B828D2B8509AA0045044C /* Account.swift in Sources */ = {isa = PBXBuildFile; fileRef = DA6B828C2B8509AA0045044C /* Account.swift */; };
		DA6B828F2B8512A60045044C /* RecommendationView.swift in Sources */ = {isa = PBXBuildFile; fileRef = DA6B828E2B8512A60045044C /* RecommendationView.swift */; };
		DAFE7CF02B71802900F71686 /* AppDelegate.swift in Sources */ = {isa = PBXBuildFile; fileRef = DAFE7CEF2B71802900F71686 /* AppDelegate.swift */; };
		DAFE7CF22B71802900F71686 /* SceneDelegate.swift in Sources */ = {isa = PBXBuildFile; fileRef = DAFE7CF12B71802900F71686 /* SceneDelegate.swift */; };
		DAFE7CF42B71802900F71686 /* FeedViewController.swift in Sources */ = {isa = PBXBuildFile; fileRef = DAFE7CF32B71802900F71686 /* FeedViewController.swift */; };
		DAFE7CF92B71802C00F71686 /* Assets.xcassets in Resources */ = {isa = PBXBuildFile; fileRef = DAFE7CF82B71802C00F71686 /* Assets.xcassets */; };
		DAFE7CFC2B71802C00F71686 /* LaunchScreen.storyboard in Resources */ = {isa = PBXBuildFile; fileRef = DAFE7CFA2B71802C00F71686 /* LaunchScreen.storyboard */; };
/* End PBXBuildFile section */

/* Begin PBXFileReference section */
		DA53983F2B83B11D00A31E90 /* AppTabBarController.swift */ = {isa = PBXFileReference; lastKnownFileType = sourcecode.swift; path = AppTabBarController.swift; sourceTree = "<group>"; };
		DA5398422B83B1D600A31E90 /* UIFont+Verdana.swift */ = {isa = PBXFileReference; lastKnownFileType = sourcecode.swift; path = "UIFont+Verdana.swift"; sourceTree = "<group>"; };
		DA5398442B83B53700A31E90 /* NotificationsViewController.swift */ = {isa = PBXFileReference; lastKnownFileType = sourcecode.swift; path = NotificationsViewController.swift; sourceTree = "<group>"; };
		DA5398462B83B54400A31E90 /* ProfileViewController.swift */ = {isa = PBXFileReference; lastKnownFileType = sourcecode.swift; path = ProfileViewController.swift; sourceTree = "<group>"; };
		DA5398482B83E7BC00A31E90 /* Array+ActivateContraints.swift */ = {isa = PBXFileReference; lastKnownFileType = sourcecode.swift; path = "Array+ActivateContraints.swift"; sourceTree = "<group>"; };
		DA53984C2B83EE4500A31E90 /* StoriesCell.swift */ = {isa = PBXFileReference; lastKnownFileType = sourcecode.swift; path = StoriesCell.swift; sourceTree = "<group>"; };
		DA53984E2B840E8A00A31E90 /* StoryView.swift */ = {isa = PBXFileReference; lastKnownFileType = sourcecode.swift; path = StoryView.swift; sourceTree = "<group>"; };
		DA5409F02B853BDB00C350E2 /* LinkNotification.swift */ = {isa = PBXFileReference; lastKnownFileType = sourcecode.swift; path = LinkNotification.swift; sourceTree = "<group>"; };
		DA5409F32B85420200C350E2 /* ThumbnailNotificationCell.swift */ = {isa = PBXFileReference; lastKnownFileType = sourcecode.swift; path = ThumbnailNotificationCell.swift; sourceTree = "<group>"; };
		DA5409F52B85420F00C350E2 /* SubscribeNotificationCell.swift */ = {isa = PBXFileReference; lastKnownFileType = sourcecode.swift; path = SubscribeNotificationCell.swift; sourceTree = "<group>"; };
		DA5409F72B854F9A00C350E2 /* NotificationBaseView.swift */ = {isa = PBXFileReference; lastKnownFileType = sourcecode.swift; path = NotificationBaseView.swift; sourceTree = "<group>"; };
		DA5409FA2B85584E00C350E2 /* SubscribeButton.swift */ = {isa = PBXFileReference; lastKnownFileType = sourcecode.swift; path = SubscribeButton.swift; sourceTree = "<group>"; };
		DA5409FC2B8564C500C350E2 /* AvatarImageView.swift */ = {isa = PBXFileReference; lastKnownFileType = sourcecode.swift; path = AvatarImageView.swift; sourceTree = "<group>"; };
		DA6B827C2B84BEF20045044C /* Story.swift */ = {isa = PBXFileReference; lastKnownFileType = sourcecode.swift; path = Story.swift; sourceTree = "<group>"; };
		DA6B827E2B84BF4B0045044C /* Post.swift */ = {isa = PBXFileReference; lastKnownFileType = sourcecode.swift; path = Post.swift; sourceTree = "<group>"; };
		DA6B82802B84BF690045044C /* AppDataProvider.swift */ = {isa = PBXFileReference; lastKnownFileType = sourcecode.swift; path = AppDataProvider.swift; sourceTree = "<group>"; };
		DA6B82822B84C8350045044C /* PostCell.swift */ = {isa = PBXFileReference; lastKnownFileType = sourcecode.swift; path = PostCell.swift; sourceTree = "<group>"; };
		DA6B82842B84F40C0045044C /* PostHeaderView.swift */ = {isa = PBXFileReference; lastKnownFileType = sourcecode.swift; path = PostHeaderView.swift; sourceTree = "<group>"; };
		DA6B82862B84F6B20045044C /* PostFooterView.swift */ = {isa = PBXFileReference; lastKnownFileType = sourcecode.swift; path = PostFooterView.swift; sourceTree = "<group>"; };
		DA6B82882B8508280045044C /* RecommendationCell.swift */ = {isa = PBXFileReference; lastKnownFileType = sourcecode.swift; path = RecommendationCell.swift; sourceTree = "<group>"; };
		DA6B828A2B8509700045044C /* Recommendation.swift */ = {isa = PBXFileReference; lastKnownFileType = sourcecode.swift; path = Recommendation.swift; sourceTree = "<group>"; };
		DA6B828C2B8509AA0045044C /* Account.swift */ = {isa = PBXFileReference; lastKnownFileType = sourcecode.swift; path = Account.swift; sourceTree = "<group>"; };
		DA6B828E2B8512A60045044C /* RecommendationView.swift */ = {isa = PBXFileReference; lastKnownFileType = sourcecode.swift; path = RecommendationView.swift; sourceTree = "<group>"; };
		DAFE7CEC2B71802900F71686 /* UIKitTemplate.app */ = {isa = PBXFileReference; explicitFileType = wrapper.application; includeInIndex = 0; path = UIKitTemplate.app; sourceTree = BUILT_PRODUCTS_DIR; };
		DAFE7CEF2B71802900F71686 /* AppDelegate.swift */ = {isa = PBXFileReference; lastKnownFileType = sourcecode.swift; path = AppDelegate.swift; sourceTree = "<group>"; };
		DAFE7CF12B71802900F71686 /* SceneDelegate.swift */ = {isa = PBXFileReference; lastKnownFileType = sourcecode.swift; path = SceneDelegate.swift; sourceTree = "<group>"; };
		DAFE7CF32B71802900F71686 /* FeedViewController.swift */ = {isa = PBXFileReference; lastKnownFileType = sourcecode.swift; path = FeedViewController.swift; sourceTree = "<group>"; };
		DAFE7CF82B71802C00F71686 /* Assets.xcassets */ = {isa = PBXFileReference; lastKnownFileType = folder.assetcatalog; path = Assets.xcassets; sourceTree = "<group>"; };
		DAFE7CFB2B71802C00F71686 /* Base */ = {isa = PBXFileReference; lastKnownFileType = file.storyboard; name = Base; path = Base.lproj/LaunchScreen.storyboard; sourceTree = "<group>"; };
		DAFE7CFD2B71802C00F71686 /* Info.plist */ = {isa = PBXFileReference; lastKnownFileType = text.plist.xml; path = Info.plist; sourceTree = "<group>"; };
/* End PBXFileReference section */

/* Begin PBXFrameworksBuildPhase section */
		DAFE7CE92B71802900F71686 /* Frameworks */ = {
			isa = PBXFrameworksBuildPhase;
			buildActionMask = 2147483647;
			files = (
			);
			runOnlyForDeploymentPostprocessing = 0;
		};
/* End PBXFrameworksBuildPhase section */

/* Begin PBXGroup section */
		DA53983C2B83AE8200A31E90 /* Resources */ = {
			isa = PBXGroup;
			children = (
				DAFE7CF82B71802C00F71686 /* Assets.xcassets */,
			);
			path = Resources;
			sourceTree = "<group>";
		};
		DA53983D2B83AF2B00A31E90 /* SupportingFiles */ = {
			isa = PBXGroup;
			children = (
				DAFE7CEF2B71802900F71686 /* AppDelegate.swift */,
				DAFE7CF12B71802900F71686 /* SceneDelegate.swift */,
				DAFE7CFA2B71802C00F71686 /* LaunchScreen.storyboard */,
			);
			path = SupportingFiles;
			sourceTree = "<group>";
		};
		DA53983E2B83B08300A31E90 /* Controllers */ = {
			isa = PBXGroup;
			children = (
				DAFE7CF32B71802900F71686 /* FeedViewController.swift */,
				DA5398442B83B53700A31E90 /* NotificationsViewController.swift */,
				DA5398462B83B54400A31E90 /* ProfileViewController.swift */,
				DA53983F2B83B11D00A31E90 /* AppTabBarController.swift */,
			);
			path = Controllers;
			sourceTree = "<group>";
		};
		DA5398412B83B1C300A31E90 /* Extensions */ = {
			isa = PBXGroup;
			children = (
				DA5398422B83B1D600A31E90 /* UIFont+Verdana.swift */,
				DA5398482B83E7BC00A31E90 /* Array+ActivateContraints.swift */,
			);
			path = Extensions;
			sourceTree = "<group>";
		};
		DA53984A2B83EE1000A31E90 /* Views */ = {
			isa = PBXGroup;
			children = (
				DA5409F92B85583B00C350E2 /* Shared */,
				DA5409F22B8541E100C350E2 /* Notifications */,
				DA53984B2B83EE1C00A31E90 /* Feed */,
			);
			path = Views;
			sourceTree = "<group>";
		};
		DA53984B2B83EE1C00A31E90 /* Feed */ = {
			isa = PBXGroup;
			children = (
				DA53984C2B83EE4500A31E90 /* StoriesCell.swift */,
				DA6B82822B84C8350045044C /* PostCell.swift */,
				DA6B82882B8508280045044C /* RecommendationCell.swift */,
				DA53984E2B840E8A00A31E90 /* StoryView.swift */,
				DA6B82842B84F40C0045044C /* PostHeaderView.swift */,
				DA6B82862B84F6B20045044C /* PostFooterView.swift */,
				DA6B828E2B8512A60045044C /* RecommendationView.swift */,
			);
			path = Feed;
			sourceTree = "<group>";
		};
		DA5409F22B8541E100C350E2 /* Notifications */ = {
			isa = PBXGroup;
			children = (
				DA5409F32B85420200C350E2 /* ThumbnailNotificationCell.swift */,
				DA5409F52B85420F00C350E2 /* SubscribeNotificationCell.swift */,
				DA5409F72B854F9A00C350E2 /* NotificationBaseView.swift */,
			);
			path = Notifications;
			sourceTree = "<group>";
		};
		DA5409F92B85583B00C350E2 /* Shared */ = {
			isa = PBXGroup;
			children = (
				DA5409FA2B85584E00C350E2 /* SubscribeButton.swift */,
				DA5409FC2B8564C500C350E2 /* AvatarImageView.swift */,
			);
			path = Shared;
			sourceTree = "<group>";
		};
		DA6B827B2B84BED10045044C /* Models */ = {
			isa = PBXGroup;
			children = (
				DA6B827C2B84BEF20045044C /* Story.swift */,
				DA6B827E2B84BF4B0045044C /* Post.swift */,
				DA6B828A2B8509700045044C /* Recommendation.swift */,
				DA6B828C2B8509AA0045044C /* Account.swift */,
				DA5409F02B853BDB00C350E2 /* LinkNotification.swift */,
				DA6B82802B84BF690045044C /* AppDataProvider.swift */,
			);
			path = Models;
			sourceTree = "<group>";
		};
		DAFE7CE32B71802900F71686 = {
			isa = PBXGroup;
			children = (
				DAFE7CEE2B71802900F71686 /* UIKitTemplate */,
				DAFE7CED2B71802900F71686 /* Products */,
			);
			sourceTree = "<group>";
		};
		DAFE7CED2B71802900F71686 /* Products */ = {
			isa = PBXGroup;
			children = (
				DAFE7CEC2B71802900F71686 /* UIKitTemplate.app */,
			);
			name = Products;
			sourceTree = "<group>";
		};
		DAFE7CEE2B71802900F71686 /* UIKitTemplate */ = {
			isa = PBXGroup;
			children = (
				DA5398412B83B1C300A31E90 /* Extensions */,
				DA6B827B2B84BED10045044C /* Models */,
				DA53984A2B83EE1000A31E90 /* Views */,
				DA53983E2B83B08300A31E90 /* Controllers */,
				DA53983C2B83AE8200A31E90 /* Resources */,
				DA53983D2B83AF2B00A31E90 /* SupportingFiles */,
				DAFE7CFD2B71802C00F71686 /* Info.plist */,
			);
			path = UIKitTemplate;
			sourceTree = "<group>";
		};
/* End PBXGroup section */

/* Begin PBXNativeTarget section */
		DAFE7CEB2B71802900F71686 /* UIKitTemplate */ = {
			isa = PBXNativeTarget;
			buildConfigurationList = DAFE7D002B71802C00F71686 /* Build configuration list for PBXNativeTarget "UIKitTemplate" */;
			buildPhases = (
				DAFE7D042B718D1F00F71686 /* Swiftformat Script */,
				DAFE7D032B7185DE00F71686 /* Swiftlint Script */,
				DAFE7CE82B71802900F71686 /* Sources */,
				DAFE7CE92B71802900F71686 /* Frameworks */,
				DAFE7CEA2B71802900F71686 /* Resources */,
			);
			buildRules = (
			);
			dependencies = (
			);
			name = UIKitTemplate;
			productName = UIKitTemplate;
			productReference = DAFE7CEC2B71802900F71686 /* UIKitTemplate.app */;
			productType = "com.apple.product-type.application";
		};
/* End PBXNativeTarget section */

/* Begin PBXProject section */
		DAFE7CE42B71802900F71686 /* Project object */ = {
			isa = PBXProject;
			attributes = {
				BuildIndependentTargetsInParallel = 1;
				LastSwiftUpdateCheck = 1520;
				LastUpgradeCheck = 1520;
				TargetAttributes = {
					DAFE7CEB2B71802900F71686 = {
						CreatedOnToolsVersion = 15.2;
					};
				};
			};
			buildConfigurationList = DAFE7CE72B71802900F71686 /* Build configuration list for PBXProject "UIKitTemplate" */;
			compatibilityVersion = "Xcode 14.0";
			developmentRegion = en;
			hasScannedForEncodings = 0;
			knownRegions = (
				en,
				Base,
			);
			mainGroup = DAFE7CE32B71802900F71686;
			productRefGroup = DAFE7CED2B71802900F71686 /* Products */;
			projectDirPath = "";
			projectRoot = "";
			targets = (
				DAFE7CEB2B71802900F71686 /* UIKitTemplate */,
			);
		};
/* End PBXProject section */

/* Begin PBXResourcesBuildPhase section */
		DAFE7CEA2B71802900F71686 /* Resources */ = {
			isa = PBXResourcesBuildPhase;
			buildActionMask = 2147483647;
			files = (
				DAFE7CFC2B71802C00F71686 /* LaunchScreen.storyboard in Resources */,
				DAFE7CF92B71802C00F71686 /* Assets.xcassets in Resources */,
			);
			runOnlyForDeploymentPostprocessing = 0;
		};
/* End PBXResourcesBuildPhase section */

/* Begin PBXShellScriptBuildPhase section */
		DAFE7D032B7185DE00F71686 /* Swiftlint Script */ = {
			isa = PBXShellScriptBuildPhase;
			alwaysOutOfDate = 1;
			buildActionMask = 2147483647;
			files = (
			);
			inputFileListPaths = (
			);
			inputPaths = (
			);
			name = "Swiftlint Script";
			outputFileListPaths = (
			);
			outputPaths = (
			);
			runOnlyForDeploymentPostprocessing = 0;
			shellPath = /bin/sh;
			shellScript = "if which swiftlint > /dev/null; then\n  swiftlint\nelse\n  echo \"warning: SwiftLint not installed, download from https://github.com/realm/SwiftLint\"\nfi\n";
			showEnvVarsInLog = 0;
		};
		DAFE7D042B718D1F00F71686 /* Swiftformat Script */ = {
			isa = PBXShellScriptBuildPhase;
			alwaysOutOfDate = 1;
			buildActionMask = 2147483647;
			files = (
			);
			inputFileListPaths = (
			);
			inputPaths = (
			);
			name = "Swiftformat Script";
			outputFileListPaths = (
			);
			outputPaths = (
			);
			runOnlyForDeploymentPostprocessing = 0;
			shellPath = /bin/sh;
			shellScript = "if which swiftformat >/dev/null; then\n  swiftformat .\nelse\n  echo \"warning: SwiftFormat not installed, download from https://github.com/nicklockwood/SwiftFormat\"\nfi\n";
			showEnvVarsInLog = 0;
		};
/* End PBXShellScriptBuildPhase section */

/* Begin PBXSourcesBuildPhase section */
		DAFE7CE82B71802900F71686 /* Sources */ = {
			isa = PBXSourcesBuildPhase;
			buildActionMask = 2147483647;
			files = (
				DA6B828B2B8509700045044C /* Recommendation.swift in Sources */,
				DA53984F2B840E8A00A31E90 /* StoryView.swift in Sources */,
				DA53984D2B83EE4500A31E90 /* StoriesCell.swift in Sources */,
				DAFE7CF42B71802900F71686 /* FeedViewController.swift in Sources */,
				DA6B827F2B84BF4B0045044C /* Post.swift in Sources */,
				DA5409F42B85420200C350E2 /* ThumbnailNotificationCell.swift in Sources */,
				DA5398492B83E7BC00A31E90 /* Array+ActivateContraints.swift in Sources */,
				DA5409F62B85420F00C350E2 /* SubscribeNotificationCell.swift in Sources */,
				DA5398402B83B11D00A31E90 /* AppTabBarController.swift in Sources */,
				DA6B828F2B8512A60045044C /* RecommendationView.swift in Sources */,
				DAFE7CF02B71802900F71686 /* AppDelegate.swift in Sources */,
				DA6B82832B84C8350045044C /* PostCell.swift in Sources */,
				DA5398452B83B53700A31E90 /* NotificationsViewController.swift in Sources */,
				DA5398472B83B54400A31E90 /* ProfileViewController.swift in Sources */,
				DAFE7CF22B71802900F71686 /* SceneDelegate.swift in Sources */,
				DA6B82852B84F40C0045044C /* PostHeaderView.swift in Sources */,
				DA5398432B83B1D600A31E90 /* UIFont+Verdana.swift in Sources */,
				DA5409FB2B85584E00C350E2 /* SubscribeButton.swift in Sources */,
				DA6B82892B8508280045044C /* RecommendationCell.swift in Sources */,
				DA5409F82B854F9A00C350E2 /* NotificationBaseView.swift in Sources */,
				DA6B82812B84BF690045044C /* AppDataProvider.swift in Sources */,
				DA5409F12B853BDB00C350E2 /* LinkNotification.swift in Sources */,
				DA6B827D2B84BEF20045044C /* Story.swift in Sources */,
				DA6B828D2B8509AA0045044C /* Account.swift in Sources */,
				DA6B82872B84F6B20045044C /* PostFooterView.swift in Sources */,
				DA5409FD2B8564C500C350E2 /* AvatarImageView.swift in Sources */,
			);
			runOnlyForDeploymentPostprocessing = 0;
		};
/* End PBXSourcesBuildPhase section */

/* Begin PBXVariantGroup section */
		DAFE7CFA2B71802C00F71686 /* LaunchScreen.storyboard */ = {
			isa = PBXVariantGroup;
			children = (
				DAFE7CFB2B71802C00F71686 /* Base */,
			);
			name = LaunchScreen.storyboard;
			sourceTree = "<group>";
		};
/* End PBXVariantGroup section */

/* Begin XCBuildConfiguration section */
		DAFE7CFE2B71802C00F71686 /* Debug */ = {
			isa = XCBuildConfiguration;
			buildSettings = {
				ALWAYS_SEARCH_USER_PATHS = NO;
				ASSETCATALOG_COMPILER_GENERATE_SWIFT_ASSET_SYMBOL_EXTENSIONS = YES;
				CLANG_ANALYZER_NONNULL = YES;
				CLANG_ANALYZER_NUMBER_OBJECT_CONVERSION = YES_AGGRESSIVE;
				CLANG_CXX_LANGUAGE_STANDARD = "gnu++20";
				CLANG_ENABLE_MODULES = YES;
				CLANG_ENABLE_OBJC_ARC = YES;
				CLANG_ENABLE_OBJC_WEAK = YES;
				CLANG_WARN_BLOCK_CAPTURE_AUTORELEASING = YES;
				CLANG_WARN_BOOL_CONVERSION = YES;
				CLANG_WARN_COMMA = YES;
				CLANG_WARN_CONSTANT_CONVERSION = YES;
				CLANG_WARN_DEPRECATED_OBJC_IMPLEMENTATIONS = YES;
				CLANG_WARN_DIRECT_OBJC_ISA_USAGE = YES_ERROR;
				CLANG_WARN_DOCUMENTATION_COMMENTS = YES;
				CLANG_WARN_EMPTY_BODY = YES;
				CLANG_WARN_ENUM_CONVERSION = YES;
				CLANG_WARN_INFINITE_RECURSION = YES;
				CLANG_WARN_INT_CONVERSION = YES;
				CLANG_WARN_NON_LITERAL_NULL_CONVERSION = YES;
				CLANG_WARN_OBJC_IMPLICIT_RETAIN_SELF = YES;
				CLANG_WARN_OBJC_LITERAL_CONVERSION = YES;
				CLANG_WARN_OBJC_ROOT_CLASS = YES_ERROR;
				CLANG_WARN_QUOTED_INCLUDE_IN_FRAMEWORK_HEADER = YES;
				CLANG_WARN_RANGE_LOOP_ANALYSIS = YES;
				CLANG_WARN_STRICT_PROTOTYPES = YES;
				CLANG_WARN_SUSPICIOUS_MOVE = YES;
				CLANG_WARN_UNGUARDED_AVAILABILITY = YES_AGGRESSIVE;
				CLANG_WARN_UNREACHABLE_CODE = YES;
				CLANG_WARN__DUPLICATE_METHOD_MATCH = YES;
				COPY_PHASE_STRIP = NO;
				DEBUG_INFORMATION_FORMAT = dwarf;
				ENABLE_STRICT_OBJC_MSGSEND = YES;
				ENABLE_TESTABILITY = YES;
				ENABLE_USER_SCRIPT_SANDBOXING = YES;
				GCC_C_LANGUAGE_STANDARD = gnu17;
				GCC_DYNAMIC_NO_PIC = NO;
				GCC_NO_COMMON_BLOCKS = YES;
				GCC_OPTIMIZATION_LEVEL = 0;
				GCC_PREPROCESSOR_DEFINITIONS = (
					"DEBUG=1",
					"$(inherited)",
				);
				GCC_WARN_64_TO_32_BIT_CONVERSION = YES;
				GCC_WARN_ABOUT_RETURN_TYPE = YES_ERROR;
				GCC_WARN_UNDECLARED_SELECTOR = YES;
				GCC_WARN_UNINITIALIZED_AUTOS = YES_AGGRESSIVE;
				GCC_WARN_UNUSED_FUNCTION = YES;
				GCC_WARN_UNUSED_VARIABLE = YES;
				IPHONEOS_DEPLOYMENT_TARGET = 17.2;
				LOCALIZATION_PREFERS_STRING_CATALOGS = YES;
				MTL_ENABLE_DEBUG_INFO = INCLUDE_SOURCE;
				MTL_FAST_MATH = YES;
				ONLY_ACTIVE_ARCH = YES;
				SDKROOT = iphoneos;
				SWIFT_ACTIVE_COMPILATION_CONDITIONS = "DEBUG $(inherited)";
				SWIFT_OPTIMIZATION_LEVEL = "-Onone";
			};
			name = Debug;
		};
		DAFE7CFF2B71802C00F71686 /* Release */ = {
			isa = XCBuildConfiguration;
			buildSettings = {
				ALWAYS_SEARCH_USER_PATHS = NO;
				ASSETCATALOG_COMPILER_GENERATE_SWIFT_ASSET_SYMBOL_EXTENSIONS = YES;
				CLANG_ANALYZER_NONNULL = YES;
				CLANG_ANALYZER_NUMBER_OBJECT_CONVERSION = YES_AGGRESSIVE;
				CLANG_CXX_LANGUAGE_STANDARD = "gnu++20";
				CLANG_ENABLE_MODULES = YES;
				CLANG_ENABLE_OBJC_ARC = YES;
				CLANG_ENABLE_OBJC_WEAK = YES;
				CLANG_WARN_BLOCK_CAPTURE_AUTORELEASING = YES;
				CLANG_WARN_BOOL_CONVERSION = YES;
				CLANG_WARN_COMMA = YES;
				CLANG_WARN_CONSTANT_CONVERSION = YES;
				CLANG_WARN_DEPRECATED_OBJC_IMPLEMENTATIONS = YES;
				CLANG_WARN_DIRECT_OBJC_ISA_USAGE = YES_ERROR;
				CLANG_WARN_DOCUMENTATION_COMMENTS = YES;
				CLANG_WARN_EMPTY_BODY = YES;
				CLANG_WARN_ENUM_CONVERSION = YES;
				CLANG_WARN_INFINITE_RECURSION = YES;
				CLANG_WARN_INT_CONVERSION = YES;
				CLANG_WARN_NON_LITERAL_NULL_CONVERSION = YES;
				CLANG_WARN_OBJC_IMPLICIT_RETAIN_SELF = YES;
				CLANG_WARN_OBJC_LITERAL_CONVERSION = YES;
				CLANG_WARN_OBJC_ROOT_CLASS = YES_ERROR;
				CLANG_WARN_QUOTED_INCLUDE_IN_FRAMEWORK_HEADER = YES;
				CLANG_WARN_RANGE_LOOP_ANALYSIS = YES;
				CLANG_WARN_STRICT_PROTOTYPES = YES;
				CLANG_WARN_SUSPICIOUS_MOVE = YES;
				CLANG_WARN_UNGUARDED_AVAILABILITY = YES_AGGRESSIVE;
				CLANG_WARN_UNREACHABLE_CODE = YES;
				CLANG_WARN__DUPLICATE_METHOD_MATCH = YES;
				COPY_PHASE_STRIP = NO;
				DEBUG_INFORMATION_FORMAT = "dwarf-with-dsym";
				ENABLE_NS_ASSERTIONS = NO;
				ENABLE_STRICT_OBJC_MSGSEND = YES;
				ENABLE_USER_SCRIPT_SANDBOXING = YES;
				GCC_C_LANGUAGE_STANDARD = gnu17;
				GCC_NO_COMMON_BLOCKS = YES;
				GCC_WARN_64_TO_32_BIT_CONVERSION = YES;
				GCC_WARN_ABOUT_RETURN_TYPE = YES_ERROR;
				GCC_WARN_UNDECLARED_SELECTOR = YES;
				GCC_WARN_UNINITIALIZED_AUTOS = YES_AGGRESSIVE;
				GCC_WARN_UNUSED_FUNCTION = YES;
				GCC_WARN_UNUSED_VARIABLE = YES;
				IPHONEOS_DEPLOYMENT_TARGET = 17.2;
				LOCALIZATION_PREFERS_STRING_CATALOGS = YES;
				MTL_ENABLE_DEBUG_INFO = NO;
				MTL_FAST_MATH = YES;
				SDKROOT = iphoneos;
				SWIFT_COMPILATION_MODE = wholemodule;
				VALIDATE_PRODUCT = YES;
			};
			name = Release;
		};
		DAFE7D012B71802C00F71686 /* Debug */ = {
			isa = XCBuildConfiguration;
			buildSettings = {
				ASSETCATALOG_COMPILER_APPICON_NAME = AppIcon;
				ASSETCATALOG_COMPILER_GLOBAL_ACCENT_COLOR_NAME = AccentColor;
				CODE_SIGN_STYLE = Automatic;
				CURRENT_PROJECT_VERSION = 1;
				DEVELOPMENT_TEAM = 6352LWX99R;
				ENABLE_USER_SCRIPT_SANDBOXING = NO;
				GENERATE_INFOPLIST_FILE = YES;
				INFOPLIST_FILE = UIKitTemplate/Info.plist;
				INFOPLIST_KEY_UIApplicationSupportsIndirectInputEvents = YES;
				INFOPLIST_KEY_UILaunchStoryboardName = LaunchScreen;
				INFOPLIST_KEY_UISupportedInterfaceOrientations_iPad = "UIInterfaceOrientationPortrait UIInterfaceOrientationPortraitUpsideDown UIInterfaceOrientationLandscapeLeft UIInterfaceOrientationLandscapeRight";
				INFOPLIST_KEY_UISupportedInterfaceOrientations_iPhone = "UIInterfaceOrientationPortrait UIInterfaceOrientationLandscapeLeft UIInterfaceOrientationLandscapeRight";
				LD_RUNPATH_SEARCH_PATHS = (
					"$(inherited)",
					"@executable_path/Frameworks",
				);
				MARKETING_VERSION = 1.0;
				PRODUCT_BUNDLE_IDENTIFIER = com.volkate.UIKitTemplate;
				PRODUCT_NAME = "$(TARGET_NAME)";
				SWIFT_EMIT_LOC_STRINGS = YES;
				SWIFT_VERSION = 5.0;
				TARGETED_DEVICE_FAMILY = "1,2";
			};
			name = Debug;
		};
		DAFE7D022B71802C00F71686 /* Release */ = {
			isa = XCBuildConfiguration;
			buildSettings = {
				ASSETCATALOG_COMPILER_APPICON_NAME = AppIcon;
				ASSETCATALOG_COMPILER_GLOBAL_ACCENT_COLOR_NAME = AccentColor;
				CODE_SIGN_STYLE = Automatic;
				CURRENT_PROJECT_VERSION = 1;
				DEVELOPMENT_TEAM = 6352LWX99R;
				ENABLE_USER_SCRIPT_SANDBOXING = NO;
				GENERATE_INFOPLIST_FILE = YES;
				INFOPLIST_FILE = UIKitTemplate/Info.plist;
				INFOPLIST_KEY_UIApplicationSupportsIndirectInputEvents = YES;
				INFOPLIST_KEY_UILaunchStoryboardName = LaunchScreen;
				INFOPLIST_KEY_UISupportedInterfaceOrientations_iPad = "UIInterfaceOrientationPortrait UIInterfaceOrientationPortraitUpsideDown UIInterfaceOrientationLandscapeLeft UIInterfaceOrientationLandscapeRight";
				INFOPLIST_KEY_UISupportedInterfaceOrientations_iPhone = "UIInterfaceOrientationPortrait UIInterfaceOrientationLandscapeLeft UIInterfaceOrientationLandscapeRight";
				LD_RUNPATH_SEARCH_PATHS = (
					"$(inherited)",
					"@executable_path/Frameworks",
				);
				MARKETING_VERSION = 1.0;
				PRODUCT_BUNDLE_IDENTIFIER = com.volkate.UIKitTemplate;
				PRODUCT_NAME = "$(TARGET_NAME)";
				SWIFT_EMIT_LOC_STRINGS = YES;
				SWIFT_VERSION = 5.0;
				TARGETED_DEVICE_FAMILY = "1,2";
			};
			name = Release;
		};
/* End XCBuildConfiguration section */

/* Begin XCConfigurationList section */
		DAFE7CE72B71802900F71686 /* Build configuration list for PBXProject "UIKitTemplate" */ = {
			isa = XCConfigurationList;
			buildConfigurations = (
				DAFE7CFE2B71802C00F71686 /* Debug */,
				DAFE7CFF2B71802C00F71686 /* Release */,
			);
			defaultConfigurationIsVisible = 0;
			defaultConfigurationName = Release;
		};
		DAFE7D002B71802C00F71686 /* Build configuration list for PBXNativeTarget "UIKitTemplate" */ = {
			isa = XCConfigurationList;
			buildConfigurations = (
				DAFE7D012B71802C00F71686 /* Debug */,
				DAFE7D022B71802C00F71686 /* Release */,
			);
			defaultConfigurationIsVisible = 0;
			defaultConfigurationName = Release;
		};
/* End XCConfigurationList section */
	};
	rootObject = DAFE7CE42B71802900F71686 /* Project object */;
}
